
Microsoft Visual Studio Solution File, Format Version 12.00
# Visual Studio Version 17
VisualStudioVersion = 17.8.34309.116
MinimumVisualStudioVersion = 10.0.40219.1
Project("{2150E333-8FDC-42A3-9474-1A3956D46DE8}") = "Itens de Solução", "Itens de Solução", "{FFCD3C62-B31A-4D77-BFE4-328A03630B38}"
	ProjectSection(SolutionItems) = preProject
		Readme.md = Readme.md
	EndProjectSection
EndProject
Project("{9A19103F-16F7-4668-BE54-9A1E7A4F7556}") = "Aula05", "Aula05\Aula05.csproj", "{FC25549A-C6ED-4057-AA25-9FC46D706B81}"
EndProject
Project("{2150E333-8FDC-42A3-9474-1A3956D46DE8}") = "Exercicio_Musica", "Exercicio_Musica", "{588DE2EC-E3A0-4515-BD6C-6ECCB0908D32}"
EndProject
Project("{FAE04EC0-301F-11D3-BF4B-00C04F79EFBC}") = "ConsoleApp1", "ConsoleApp1\ConsoleApp1.csproj", "{7353EF80-4128-40EF-BCAD-A8B399BE21BD}"
EndProject
Global
	GlobalSection(SolutionConfigurationPlatforms) = preSolution
		Debug|Any CPU = Debug|Any CPU
		Release|Any CPU = Release|Any CPU
	EndGlobalSection
	GlobalSection(ProjectConfigurationPlatforms) = postSolution
		{FC25549A-C6ED-4057-AA25-9FC46D706B81}.Debug|Any CPU.ActiveCfg = Debug|Any CPU
		{FC25549A-C6ED-4057-AA25-9FC46D706B81}.Debug|Any CPU.Build.0 = Debug|Any CPU
		{FC25549A-C6ED-4057-AA25-9FC46D706B81}.Release|Any CPU.ActiveCfg = Release|Any CPU
		{FC25549A-C6ED-4057-AA25-9FC46D706B81}.Release|Any CPU.Build.0 = Release|Any CPU
		{7353EF80-4128-40EF-BCAD-A8B399BE21BD}.Debug|Any CPU.ActiveCfg = Debug|Any CPU
		{7353EF80-4128-40EF-BCAD-A8B399BE21BD}.Debug|Any CPU.Build.0 = Debug|Any CPU
		{7353EF80-4128-40EF-BCAD-A8B399BE21BD}.Release|Any CPU.ActiveCfg = Release|Any CPU
		{7353EF80-4128-40EF-BCAD-A8B399BE21BD}.Release|Any CPU.Build.0 = Release|Any CPU
	EndGlobalSection
	GlobalSection(SolutionProperties) = preSolution
		HideSolutionNode = FALSE
	EndGlobalSection
	GlobalSection(NestedProjects) = preSolution
		{588DE2EC-E3A0-4515-BD6C-6ECCB0908D32} = {FFCD3C62-B31A-4D77-BFE4-328A03630B38}
		{7353EF80-4128-40EF-BCAD-A8B399BE21BD} = {588DE2EC-E3A0-4515-BD6C-6ECCB0908D32}
	EndGlobalSection
	GlobalSection(ExtensibilityGlobals) = postSolution
		SolutionGuid = {4E2A41CA-4279-4BDF-BE21-387C4ACA72CF}
	EndGlobalSection
EndGlobal
